
Microsoft Visual Studio Solution File, Format Version 12.00
# Visual Studio Version 17
VisualStudioVersion = 17.2.32519.379
MinimumVisualStudioVersion = 10.0.40219.1
Project("{FAE04EC0-301F-11D3-BF4B-00C04F79EFBC}") = "BEE 1155", "beecrowd lista 4\BEE 1155.csproj", "{F93618F2-9989-4FBC-94C4-C73F4ECAD08F}"
EndProject
Project("{FAE04EC0-301F-11D3-BF4B-00C04F79EFBC}") = "BEE 1156", "BEE 1156\BEE 1156.csproj", "{22CB0BBB-0E74-455B-8A0E-C32EAD626070}"
EndProject
Project("{FAE04EC0-301F-11D3-BF4B-00C04F79EFBC}") = "BEE 1157", "BEE 1157\BEE 1157.csproj", "{7008CE76-68A5-4D9B-B62E-3EDD63C0EF8B}"
EndProject
Project("{FAE04EC0-301F-11D3-BF4B-00C04F79EFBC}") = "BEE 1158", "BEE 1158\BEE 1158.csproj", "{13F7BFFD-DE80-41A8-8906-27D556D12B68}"
EndProject
Project("{FAE04EC0-301F-11D3-BF4B-00C04F79EFBC}") = "BEE 1159", "BEE 1059\BEE 1159.csproj", "{7928EC87-B762-4798-BF70-E559A3C7B754}"
EndProject
Project("{FAE04EC0-301F-11D3-BF4B-00C04F79EFBC}") = "BEE 1164", "BEE 1164\BEE 1164.csproj", "{5416752D-04AE-4472-A2D9-AD5F5FCCFDBE}"
EndProject
Project("{FAE04EC0-301F-11D3-BF4B-00C04F79EFBC}") = "BEE 1165", "BEE 1165\BEE 1165.csproj", "{74D6E374-17BE-45AC-BBC2-D0D735C2D49F}"
EndProject
Project("{FAE04EC0-301F-11D3-BF4B-00C04F79EFBC}") = "BEE 1172", "BEE 1172\BEE 1172.csproj", "{14ED39D7-E479-4767-B7E9-4A2E74E259B3}"
EndProject
Project("{FAE04EC0-301F-11D3-BF4B-00C04F79EFBC}") = "BEE 1173", "BEE 1173\BEE 1173.csproj", "{D8F3D637-455D-4864-8414-946912AFE007}"
EndProject
Project("{FAE04EC0-301F-11D3-BF4B-00C04F79EFBC}") = "BEE 1180", "BEE 1180\BEE 1180.csproj", "{6915D4CF-319C-40B5-976B-0B4109D05503}"
EndProject
Global
	GlobalSection(SolutionConfigurationPlatforms) = preSolution
		Debug|Any CPU = Debug|Any CPU
		Release|Any CPU = Release|Any CPU
	EndGlobalSection
	GlobalSection(ProjectConfigurationPlatforms) = postSolution
		{F93618F2-9989-4FBC-94C4-C73F4ECAD08F}.Debug|Any CPU.ActiveCfg = Debug|Any CPU
		{F93618F2-9989-4FBC-94C4-C73F4ECAD08F}.Debug|Any CPU.Build.0 = Debug|Any CPU
		{F93618F2-9989-4FBC-94C4-C73F4ECAD08F}.Release|Any CPU.ActiveCfg = Release|Any CPU
		{F93618F2-9989-4FBC-94C4-C73F4ECAD08F}.Release|Any CPU.Build.0 = Release|Any CPU
		{22CB0BBB-0E74-455B-8A0E-C32EAD626070}.Debug|Any CPU.ActiveCfg = Debug|Any CPU
		{22CB0BBB-0E74-455B-8A0E-C32EAD626070}.Debug|Any CPU.Build.0 = Debug|Any CPU
		{22CB0BBB-0E74-455B-8A0E-C32EAD626070}.Release|Any CPU.ActiveCfg = Release|Any CPU
		{22CB0BBB-0E74-455B-8A0E-C32EAD626070}.Release|Any CPU.Build.0 = Release|Any CPU
		{7008CE76-68A5-4D9B-B62E-3EDD63C0EF8B}.Debug|Any CPU.ActiveCfg = Debug|Any CPU
		{7008CE76-68A5-4D9B-B62E-3EDD63C0EF8B}.Debug|Any CPU.Build.0 = Debug|Any CPU
		{7008CE76-68A5-4D9B-B62E-3EDD63C0EF8B}.Release|Any CPU.ActiveCfg = Release|Any CPU
		{7008CE76-68A5-4D9B-B62E-3EDD63C0EF8B}.Release|Any CPU.Build.0 = Release|Any CPU
		{13F7BFFD-DE80-41A8-8906-27D556D12B68}.Debug|Any CPU.ActiveCfg = Debug|Any CPU
		{13F7BFFD-DE80-41A8-8906-27D556D12B68}.Debug|Any CPU.Build.0 = Debug|Any CPU
		{13F7BFFD-DE80-41A8-8906-27D556D12B68}.Release|Any CPU.ActiveCfg = Release|Any CPU
		{13F7BFFD-DE80-41A8-8906-27D556D12B68}.Release|Any CPU.Build.0 = Release|Any CPU
		{7928EC87-B762-4798-BF70-E559A3C7B754}.Debug|Any CPU.ActiveCfg = Debug|Any CPU
		{7928EC87-B762-4798-BF70-E559A3C7B754}.Debug|Any CPU.Build.0 = Debug|Any CPU
		{7928EC87-B762-4798-BF70-E559A3C7B754}.Release|Any CPU.ActiveCfg = Release|Any CPU
		{7928EC87-B762-4798-BF70-E559A3C7B754}.Release|Any CPU.Build.0 = Release|Any CPU
		{5416752D-04AE-4472-A2D9-AD5F5FCCFDBE}.Debug|Any CPU.ActiveCfg = Debug|Any CPU
		{5416752D-04AE-4472-A2D9-AD5F5FCCFDBE}.Debug|Any CPU.Build.0 = Debug|Any CPU
		{5416752D-04AE-4472-A2D9-AD5F5FCCFDBE}.Release|Any CPU.ActiveCfg = Release|Any CPU
		{5416752D-04AE-4472-A2D9-AD5F5FCCFDBE}.Release|Any CPU.Build.0 = Release|Any CPU
		{74D6E374-17BE-45AC-BBC2-D0D735C2D49F}.Debug|Any CPU.ActiveCfg = Debug|Any CPU
		{74D6E374-17BE-45AC-BBC2-D0D735C2D49F}.Debug|Any CPU.Build.0 = Debug|Any CPU
		{74D6E374-17BE-45AC-BBC2-D0D735C2D49F}.Release|Any CPU.ActiveCfg = Release|Any CPU
		{74D6E374-17BE-45AC-BBC2-D0D735C2D49F}.Release|Any CPU.Build.0 = Release|Any CPU
		{14ED39D7-E479-4767-B7E9-4A2E74E259B3}.Debug|Any CPU.ActiveCfg = Debug|Any CPU
		{14ED39D7-E479-4767-B7E9-4A2E74E259B3}.Debug|Any CPU.Build.0 = Debug|Any CPU
		{14ED39D7-E479-4767-B7E9-4A2E74E259B3}.Release|Any CPU.ActiveCfg = Release|Any CPU
		{14ED39D7-E479-4767-B7E9-4A2E74E259B3}.Release|Any CPU.Build.0 = Release|Any CPU
		{D8F3D637-455D-4864-8414-946912AFE007}.Debug|Any CPU.ActiveCfg = Debug|Any CPU
		{D8F3D637-455D-4864-8414-946912AFE007}.Debug|Any CPU.Build.0 = Debug|Any CPU
		{D8F3D637-455D-4864-8414-946912AFE007}.Release|Any CPU.ActiveCfg = Release|Any CPU
		{D8F3D637-455D-4864-8414-946912AFE007}.Release|Any CPU.Build.0 = Release|Any CPU
		{6915D4CF-319C-40B5-976B-0B4109D05503}.Debug|Any CPU.ActiveCfg = Debug|Any CPU
		{6915D4CF-319C-40B5-976B-0B4109D05503}.Debug|Any CPU.Build.0 = Debug|Any CPU
		{6915D4CF-319C-40B5-976B-0B4109D05503}.Release|Any CPU.ActiveCfg = Release|Any CPU
		{6915D4CF-319C-40B5-976B-0B4109D05503}.Release|Any CPU.Build.0 = Release|Any CPU
	EndGlobalSection
	GlobalSection(SolutionProperties) = preSolution
		HideSolutionNode = FALSE
	EndGlobalSection
	GlobalSection(ExtensibilityGlobals) = postSolution
		SolutionGuid = {7D061B09-FE1A-41B6-BDFF-DA9011A19660}
	EndGlobalSection
EndGlobal
